// !$*UTF8*$!
{
	archiveVersion = 1;
	classes = {
	};
	objectVersion = 50;
	objects = {

/* Begin PBXBuildFile section */
		271D4F2921C2202700CCCC8E /* Day13.swift in Sources */ = {isa = PBXBuildFile; fileRef = 271D4F2821C2202700CCCC8E /* Day13.swift */; };
		2729F97221C6ADDB00F7666D /* 12.txt in Resources */ = {isa = PBXBuildFile; fileRef = 2729F97121C6ADDB00F7666D /* 12.txt */; };
		2729F97621C6D32A00F7666D /* Day17.swift in Sources */ = {isa = PBXBuildFile; fileRef = 2729F97521C6D32A00F7666D /* Day17.swift */; };
		2729F97821C6D33800F7666D /* 17.txt in Resources */ = {isa = PBXBuildFile; fileRef = 2729F97721C6D33800F7666D /* 17.txt */; };
		276B8D2121C8BC4B003E203E /* Day18.swift in Sources */ = {isa = PBXBuildFile; fileRef = 276B8D2021C8BC4B003E203E /* Day18.swift */; };
		276B8D2321C8BDFC003E203E /* 18.txt in Resources */ = {isa = PBXBuildFile; fileRef = 276B8D2221C8BDFC003E203E /* 18.txt */; };
		276B8D2521C97D18003E203E /* 13.txt in Resources */ = {isa = PBXBuildFile; fileRef = 276B8D2421C97D18003E203E /* 13.txt */; };
		276B8D2721C98371003E203E /* 19.txt in Resources */ = {isa = PBXBuildFile; fileRef = 276B8D2621C98371003E203E /* 19.txt */; };
		276B8D2921C98382003E203E /* Day19.swift in Sources */ = {isa = PBXBuildFile; fileRef = 276B8D2821C98382003E203E /* Day19.swift */; };
		27784C0821CCAA4E008E0363 /* Day21.swift in Sources */ = {isa = PBXBuildFile; fileRef = 27784C0721CCAA4E008E0363 /* Day21.swift */; };
		27784C0A21CCAA5E008E0363 /* 21.txt in Resources */ = {isa = PBXBuildFile; fileRef = 27784C0921CCAA5E008E0363 /* 21.txt */; };
		27784C0C21CCAA72008E0363 /* Day20.swift in Sources */ = {isa = PBXBuildFile; fileRef = 27784C0B21CCAA72008E0363 /* Day20.swift */; };
		27784C0E21CE0C79008E0363 /* Day22.swift in Sources */ = {isa = PBXBuildFile; fileRef = 27784C0D21CE0C79008E0363 /* Day22.swift */; };
		277E585F21C0CCA8000B2255 /* Day12.swift in Sources */ = {isa = PBXBuildFile; fileRef = 277E585E21C0CCA8000B2255 /* Day12.swift */; };
		2787AF9321BEE2240020610C /* Day11.swift in Sources */ = {isa = PBXBuildFile; fileRef = 2787AF9221BEE2240020610C /* Day11.swift */; };
		27A57FCA21BA6C31000FED7D /* AppDelegate.swift in Sources */ = {isa = PBXBuildFile; fileRef = 27A57FC921BA6C31000FED7D /* AppDelegate.swift */; };
		27A57FCE21BA6C32000FED7D /* Assets.xcassets in Resources */ = {isa = PBXBuildFile; fileRef = 27A57FCD21BA6C32000FED7D /* Assets.xcassets */; };
		27A57FD121BA6C32000FED7D /* Main.storyboard in Resources */ = {isa = PBXBuildFile; fileRef = 27A57FCF21BA6C32000FED7D /* Main.storyboard */; };
		27A57FDB21BA6CD9000FED7D /* 1.in in Resources */ = {isa = PBXBuildFile; fileRef = 27A57FDA21BA6CD9000FED7D /* 1.in */; };
		27A57FDD21BA6CEB000FED7D /* 2.in in Resources */ = {isa = PBXBuildFile; fileRef = 27A57FDC21BA6CEB000FED7D /* 2.in */; };
		27A57FDF21BA6CF9000FED7D /* 3.in in Resources */ = {isa = PBXBuildFile; fileRef = 27A57FDE21BA6CF9000FED7D /* 3.in */; };
		27A57FE121BA6D04000FED7D /* 4.in in Resources */ = {isa = PBXBuildFile; fileRef = 27A57FE021BA6D04000FED7D /* 4.in */; };
		27A57FE321BA6D15000FED7D /* 5.in in Resources */ = {isa = PBXBuildFile; fileRef = 27A57FE221BA6D15000FED7D /* 5.in */; };
		27A57FE521BA6D37000FED7D /* 6.in in Resources */ = {isa = PBXBuildFile; fileRef = 27A57FE421BA6D37000FED7D /* 6.in */; };
		27A57FE721BA6D41000FED7D /* 7.in in Resources */ = {isa = PBXBuildFile; fileRef = 27A57FE621BA6D41000FED7D /* 7.in */; };
		27A57FE921BA6D49000FED7D /* 8.in in Resources */ = {isa = PBXBuildFile; fileRef = 27A57FE821BA6D49000FED7D /* 8.in */; };
		27A57FEC21BA6D70000FED7D /* Day01.swift in Sources */ = {isa = PBXBuildFile; fileRef = 27A57FEB21BA6D70000FED7D /* Day01.swift */; };
		27A57FEE21BA7362000FED7D /* Day02.swift in Sources */ = {isa = PBXBuildFile; fileRef = 27A57FED21BA7362000FED7D /* Day02.swift */; };
		27A57FF021BA782B000FED7D /* Day03.swift in Sources */ = {isa = PBXBuildFile; fileRef = 27A57FEF21BA782B000FED7D /* Day03.swift */; };
		27A57FF221BA7C7C000FED7D /* Day04.swift in Sources */ = {isa = PBXBuildFile; fileRef = 27A57FF121BA7C7C000FED7D /* Day04.swift */; };
		27A57FF421BA847C000FED7D /* Day05.swift in Sources */ = {isa = PBXBuildFile; fileRef = 27A57FF321BA847C000FED7D /* Day05.swift */; };
		27A57FF621BA85C8000FED7D /* Day06.swift in Sources */ = {isa = PBXBuildFile; fileRef = 27A57FF521BA85C8000FED7D /* Day06.swift */; };
		27A57FF821BA8792000FED7D /* Day07.swift in Sources */ = {isa = PBXBuildFile; fileRef = 27A57FF721BA8792000FED7D /* Day07.swift */; };
		27A57FFA21BA88CE000FED7D /* Extensions.swift in Sources */ = {isa = PBXBuildFile; fileRef = 27A57FF921BA88CE000FED7D /* Extensions.swift */; };
		27A8D43B21BCD84600795765 /* Day09.swift in Sources */ = {isa = PBXBuildFile; fileRef = 27A8D43A21BCD84600795765 /* Day09.swift */; };
		27A8D45021BE29F000795765 /* 10.in in Resources */ = {isa = PBXBuildFile; fileRef = 27A8D44F21BE29F000795765 /* 10.in */; };
		27A8D45221BE29FA00795765 /* Day10.swift in Sources */ = {isa = PBXBuildFile; fileRef = 27A8D45121BE29FA00795765 /* Day10.swift */; };
		27E32D5121BB8EA9002B3E0D /* Day08.swift in Sources */ = {isa = PBXBuildFile; fileRef = 27E32D5021BB8EA9002B3E0D /* Day08.swift */; };
		27E9010A21C5369D00C93527 /* Day15.swift in Sources */ = {isa = PBXBuildFile; fileRef = 27E9010921C5369D00C93527 /* Day15.swift */; };
		27E9010C21C536BE00C93527 /* 15.txt in Resources */ = {isa = PBXBuildFile; fileRef = 27E9010B21C536BE00C93527 /* 15.txt */; };
		27E9010E21C6135A00C93527 /* Day16.swift in Sources */ = {isa = PBXBuildFile; fileRef = 27E9010D21C6135A00C93527 /* Day16.swift */; };
		27E9011021C6136B00C93527 /* 16.txt in Resources */ = {isa = PBXBuildFile; fileRef = 27E9010F21C6136B00C93527 /* 16.txt */; };
		27F0022021C36FC3000780A8 /* 20.txt in Resources */ = {isa = PBXBuildFile; fileRef = 27F0021F21C36FC3000780A8 /* 20.txt */; };
		27F0022221C36FFA000780A8 /* Day14.swift in Sources */ = {isa = PBXBuildFile; fileRef = 27F0022121C36FFA000780A8 /* Day14.swift */; };
/* End PBXBuildFile section */

/* Begin PBXFileReference section */
		271D4F2821C2202700CCCC8E /* Day13.swift */ = {isa = PBXFileReference; lastKnownFileType = sourcecode.swift; path = Day13.swift; sourceTree = "<group>"; };
		2729F97121C6ADDB00F7666D /* 12.txt */ = {isa = PBXFileReference; lastKnownFileType = text; path = 12.txt; sourceTree = "<group>"; };
		2729F97521C6D32A00F7666D /* Day17.swift */ = {isa = PBXFileReference; lastKnownFileType = sourcecode.swift; path = Day17.swift; sourceTree = "<group>"; };
		2729F97721C6D33800F7666D /* 17.txt */ = {isa = PBXFileReference; lastKnownFileType = text; path = 17.txt; sourceTree = "<group>"; };
		276B8D2021C8BC4B003E203E /* Day18.swift */ = {isa = PBXFileReference; lastKnownFileType = sourcecode.swift; path = Day18.swift; sourceTree = "<group>"; };
		276B8D2221C8BDFC003E203E /* 18.txt */ = {isa = PBXFileReference; lastKnownFileType = text; path = 18.txt; sourceTree = "<group>"; };
		276B8D2421C97D18003E203E /* 13.txt */ = {isa = PBXFileReference; fileEncoding = 4; lastKnownFileType = text; path = 13.txt; sourceTree = "<group>"; };
		276B8D2621C98371003E203E /* 19.txt */ = {isa = PBXFileReference; lastKnownFileType = text; path = 19.txt; sourceTree = "<group>"; };
		276B8D2821C98382003E203E /* Day19.swift */ = {isa = PBXFileReference; lastKnownFileType = sourcecode.swift; path = Day19.swift; sourceTree = "<group>"; };
		27784C0721CCAA4E008E0363 /* Day21.swift */ = {isa = PBXFileReference; lastKnownFileType = sourcecode.swift; path = Day21.swift; sourceTree = "<group>"; };
		27784C0921CCAA5E008E0363 /* 21.txt */ = {isa = PBXFileReference; lastKnownFileType = text; path = 21.txt; sourceTree = "<group>"; };
		27784C0B21CCAA72008E0363 /* Day20.swift */ = {isa = PBXFileReference; lastKnownFileType = sourcecode.swift; path = Day20.swift; sourceTree = "<group>"; };
		27784C0D21CE0C79008E0363 /* Day22.swift */ = {isa = PBXFileReference; lastKnownFileType = sourcecode.swift; path = Day22.swift; sourceTree = "<group>"; };
		277E585E21C0CCA8000B2255 /* Day12.swift */ = {isa = PBXFileReference; lastKnownFileType = sourcecode.swift; path = Day12.swift; sourceTree = "<group>"; };
		2787AF9221BEE2240020610C /* Day11.swift */ = {isa = PBXFileReference; lastKnownFileType = sourcecode.swift; path = Day11.swift; sourceTree = "<group>"; };
		27A57FC621BA6C31000FED7D /* AdventOfCode2018.app */ = {isa = PBXFileReference; explicitFileType = wrapper.application; includeInIndex = 0; path = AdventOfCode2018.app; sourceTree = BUILT_PRODUCTS_DIR; };
		27A57FC921BA6C31000FED7D /* AppDelegate.swift */ = {isa = PBXFileReference; lastKnownFileType = sourcecode.swift; path = AppDelegate.swift; sourceTree = "<group>"; };
		27A57FCD21BA6C32000FED7D /* Assets.xcassets */ = {isa = PBXFileReference; lastKnownFileType = folder.assetcatalog; path = Assets.xcassets; sourceTree = "<group>"; };
		27A57FD021BA6C32000FED7D /* Base */ = {isa = PBXFileReference; lastKnownFileType = file.storyboard; name = Base; path = Base.lproj/Main.storyboard; sourceTree = "<group>"; };
		27A57FD221BA6C32000FED7D /* Info.plist */ = {isa = PBXFileReference; lastKnownFileType = text.plist.xml; path = Info.plist; sourceTree = "<group>"; };
		27A57FD321BA6C32000FED7D /* AdventOfCode2018.entitlements */ = {isa = PBXFileReference; lastKnownFileType = text.plist.entitlements; path = AdventOfCode2018.entitlements; sourceTree = "<group>"; };
		27A57FDA21BA6CD9000FED7D /* 1.in */ = {isa = PBXFileReference; lastKnownFileType = text; path = 1.in; sourceTree = "<group>"; };
		27A57FDC21BA6CEB000FED7D /* 2.in */ = {isa = PBXFileReference; lastKnownFileType = text; path = 2.in; sourceTree = "<group>"; };
		27A57FDE21BA6CF9000FED7D /* 3.in */ = {isa = PBXFileReference; lastKnownFileType = text; path = 3.in; sourceTree = "<group>"; };
		27A57FE021BA6D04000FED7D /* 4.in */ = {isa = PBXFileReference; lastKnownFileType = text; path = 4.in; sourceTree = "<group>"; };
		27A57FE221BA6D15000FED7D /* 5.in */ = {isa = PBXFileReference; lastKnownFileType = text; path = 5.in; sourceTree = "<group>"; };
		27A57FE421BA6D37000FED7D /* 6.in */ = {isa = PBXFileReference; lastKnownFileType = text; path = 6.in; sourceTree = "<group>"; };
		27A57FE621BA6D41000FED7D /* 7.in */ = {isa = PBXFileReference; lastKnownFileType = text; path = 7.in; sourceTree = "<group>"; };
		27A57FE821BA6D49000FED7D /* 8.in */ = {isa = PBXFileReference; lastKnownFileType = text; path = 8.in; sourceTree = "<group>"; };
		27A57FEB21BA6D70000FED7D /* Day01.swift */ = {isa = PBXFileReference; lastKnownFileType = sourcecode.swift; path = Day01.swift; sourceTree = "<group>"; };
		27A57FED21BA7362000FED7D /* Day02.swift */ = {isa = PBXFileReference; lastKnownFileType = sourcecode.swift; path = Day02.swift; sourceTree = "<group>"; };
		27A57FEF21BA782B000FED7D /* Day03.swift */ = {isa = PBXFileReference; lastKnownFileType = sourcecode.swift; path = Day03.swift; sourceTree = "<group>"; };
		27A57FF121BA7C7C000FED7D /* Day04.swift */ = {isa = PBXFileReference; lastKnownFileType = sourcecode.swift; path = Day04.swift; sourceTree = "<group>"; };
		27A57FF321BA847C000FED7D /* Day05.swift */ = {isa = PBXFileReference; lastKnownFileType = sourcecode.swift; path = Day05.swift; sourceTree = "<group>"; };
		27A57FF521BA85C8000FED7D /* Day06.swift */ = {isa = PBXFileReference; lastKnownFileType = sourcecode.swift; path = Day06.swift; sourceTree = "<group>"; };
		27A57FF721BA8792000FED7D /* Day07.swift */ = {isa = PBXFileReference; lastKnownFileType = sourcecode.swift; path = Day07.swift; sourceTree = "<group>"; };
		27A57FF921BA88CE000FED7D /* Extensions.swift */ = {isa = PBXFileReference; lastKnownFileType = sourcecode.swift; path = Extensions.swift; sourceTree = "<group>"; };
		27A8D43A21BCD84600795765 /* Day09.swift */ = {isa = PBXFileReference; lastKnownFileType = sourcecode.swift; path = Day09.swift; sourceTree = "<group>"; };
		27A8D44F21BE29F000795765 /* 10.in */ = {isa = PBXFileReference; lastKnownFileType = text; path = 10.in; sourceTree = "<group>"; };
		27A8D45121BE29FA00795765 /* Day10.swift */ = {isa = PBXFileReference; lastKnownFileType = sourcecode.swift; path = Day10.swift; sourceTree = "<group>"; };
		27E32D5021BB8EA9002B3E0D /* Day08.swift */ = {isa = PBXFileReference; lastKnownFileType = sourcecode.swift; path = Day08.swift; sourceTree = "<group>"; };
		27E9010921C5369D00C93527 /* Day15.swift */ = {isa = PBXFileReference; lastKnownFileType = sourcecode.swift; path = Day15.swift; sourceTree = "<group>"; };
		27E9010B21C536BE00C93527 /* 15.txt */ = {isa = PBXFileReference; lastKnownFileType = text; path = 15.txt; sourceTree = "<group>"; };
		27E9010D21C6135A00C93527 /* Day16.swift */ = {isa = PBXFileReference; lastKnownFileType = sourcecode.swift; path = Day16.swift; sourceTree = "<group>"; };
		27E9010F21C6136B00C93527 /* 16.txt */ = {isa = PBXFileReference; lastKnownFileType = text; path = 16.txt; sourceTree = "<group>"; };
		27F0021F21C36FC3000780A8 /* 20.txt */ = {isa = PBXFileReference; lastKnownFileType = text; path = 20.txt; sourceTree = "<group>"; };
		27F0022121C36FFA000780A8 /* Day14.swift */ = {isa = PBXFileReference; lastKnownFileType = sourcecode.swift; path = Day14.swift; sourceTree = "<group>"; };
/* End PBXFileReference section */

/* Begin PBXFrameworksBuildPhase section */
		27A57FC321BA6C31000FED7D /* Frameworks */ = {
			isa = PBXFrameworksBuildPhase;
			buildActionMask = 2147483647;
			files = (
			);
			runOnlyForDeploymentPostprocessing = 0;
		};
/* End PBXFrameworksBuildPhase section */

/* Begin PBXGroup section */
		27A57FBD21BA6C31000FED7D = {
			isa = PBXGroup;
			children = (
				27A57FC821BA6C31000FED7D /* AdventOfCode2018 */,
				27A57FC721BA6C31000FED7D /* Products */,
			);
			sourceTree = "<group>";
		};
		27A57FC721BA6C31000FED7D /* Products */ = {
			isa = PBXGroup;
			children = (
				27A57FC621BA6C31000FED7D /* AdventOfCode2018.app */,
			);
			name = Products;
			sourceTree = "<group>";
		};
		27A57FC821BA6C31000FED7D /* AdventOfCode2018 */ = {
			isa = PBXGroup;
			children = (
				27A57FC921BA6C31000FED7D /* AppDelegate.swift */,
				27A57FCD21BA6C32000FED7D /* Assets.xcassets */,
				27A57FCF21BA6C32000FED7D /* Main.storyboard */,
				27A57FD221BA6C32000FED7D /* Info.plist */,
				27A57FD321BA6C32000FED7D /* AdventOfCode2018.entitlements */,
				27A57FF921BA88CE000FED7D /* Extensions.swift */,
				27A57FEA21BA6D4F000FED7D /* Days */,
				27A57FD921BA6C40000FED7D /* Inputs */,
			);
			path = AdventOfCode2018;
			sourceTree = "<group>";
		};
		27A57FD921BA6C40000FED7D /* Inputs */ = {
			isa = PBXGroup;
			children = (
				27A57FDA21BA6CD9000FED7D /* 1.in */,
				27A57FDC21BA6CEB000FED7D /* 2.in */,
				27A57FDE21BA6CF9000FED7D /* 3.in */,
				27A57FE021BA6D04000FED7D /* 4.in */,
				27A57FE221BA6D15000FED7D /* 5.in */,
				27A57FE421BA6D37000FED7D /* 6.in */,
				27A57FE621BA6D41000FED7D /* 7.in */,
				27A57FE821BA6D49000FED7D /* 8.in */,
				27A8D44F21BE29F000795765 /* 10.in */,
				2729F97121C6ADDB00F7666D /* 12.txt */,
				276B8D2421C97D18003E203E /* 13.txt */,
				27E9010B21C536BE00C93527 /* 15.txt */,
				27E9010F21C6136B00C93527 /* 16.txt */,
				2729F97721C6D33800F7666D /* 17.txt */,
				276B8D2221C8BDFC003E203E /* 18.txt */,
				276B8D2621C98371003E203E /* 19.txt */,
				27F0021F21C36FC3000780A8 /* 20.txt */,
				27784C0921CCAA5E008E0363 /* 21.txt */,
			);
			path = Inputs;
			sourceTree = "<group>";
		};
		27A57FEA21BA6D4F000FED7D /* Days */ = {
			isa = PBXGroup;
			children = (
				27A57FEB21BA6D70000FED7D /* Day01.swift */,
				27A57FED21BA7362000FED7D /* Day02.swift */,
				27A57FEF21BA782B000FED7D /* Day03.swift */,
				27A57FF121BA7C7C000FED7D /* Day04.swift */,
				27A57FF321BA847C000FED7D /* Day05.swift */,
				27A57FF521BA85C8000FED7D /* Day06.swift */,
				27A57FF721BA8792000FED7D /* Day07.swift */,
				27E32D5021BB8EA9002B3E0D /* Day08.swift */,
				27A8D43A21BCD84600795765 /* Day09.swift */,
				27A8D45121BE29FA00795765 /* Day10.swift */,
				2787AF9221BEE2240020610C /* Day11.swift */,
				277E585E21C0CCA8000B2255 /* Day12.swift */,
				271D4F2821C2202700CCCC8E /* Day13.swift */,
				27F0022121C36FFA000780A8 /* Day14.swift */,
				27E9010921C5369D00C93527 /* Day15.swift */,
				27E9010D21C6135A00C93527 /* Day16.swift */,
				2729F97521C6D32A00F7666D /* Day17.swift */,
				276B8D2021C8BC4B003E203E /* Day18.swift */,
				276B8D2821C98382003E203E /* Day19.swift */,
				27784C0B21CCAA72008E0363 /* Day20.swift */,
				27784C0721CCAA4E008E0363 /* Day21.swift */,
				27784C0D21CE0C79008E0363 /* Day22.swift */,
			);
			path = Days;
			sourceTree = "<group>";
		};
/* End PBXGroup section */

/* Begin PBXNativeTarget section */
		27A57FC521BA6C31000FED7D /* AdventOfCode2018 */ = {
			isa = PBXNativeTarget;
			buildConfigurationList = 27A57FD621BA6C32000FED7D /* Build configuration list for PBXNativeTarget "AdventOfCode2018" */;
			buildPhases = (
				27A57FC221BA6C31000FED7D /* Sources */,
				27A57FC321BA6C31000FED7D /* Frameworks */,
				27A57FC421BA6C31000FED7D /* Resources */,
			);
			buildRules = (
			);
			dependencies = (
			);
			name = AdventOfCode2018;
			productName = AdventOfCode2018;
			productReference = 27A57FC621BA6C31000FED7D /* AdventOfCode2018.app */;
			productType = "com.apple.product-type.application";
		};
/* End PBXNativeTarget section */

/* Begin PBXProject section */
		27A57FBE21BA6C31000FED7D /* Project object */ = {
			isa = PBXProject;
			attributes = {
				LastSwiftUpdateCheck = 1010;
				LastUpgradeCheck = 1010;
				ORGANIZATIONNAME = "Viorel Porumbescu";
				TargetAttributes = {
					27A57FC521BA6C31000FED7D = {
						CreatedOnToolsVersion = 10.1;
						SystemCapabilities = {
							com.apple.Sandbox = {
								enabled = 0;
							};
							com.apple.iCloud = {
								enabled = 0;
							};
						};
					};
				};
			};
			buildConfigurationList = 27A57FC121BA6C31000FED7D /* Build configuration list for PBXProject "AdventOfCode2018" */;
			compatibilityVersion = "Xcode 9.3";
			developmentRegion = en;
			hasScannedForEncodings = 0;
			knownRegions = (
				en,
				Base,
			);
			mainGroup = 27A57FBD21BA6C31000FED7D;
			productRefGroup = 27A57FC721BA6C31000FED7D /* Products */;
			projectDirPath = "";
			projectRoot = "";
			targets = (
				27A57FC521BA6C31000FED7D /* AdventOfCode2018 */,
			);
		};
/* End PBXProject section */

/* Begin PBXResourcesBuildPhase section */
		27A57FC421BA6C31000FED7D /* Resources */ = {
			isa = PBXResourcesBuildPhase;
			buildActionMask = 2147483647;
			files = (
				27F0022021C36FC3000780A8 /* 20.txt in Resources */,
				27A8D45021BE29F000795765 /* 10.in in Resources */,
				27A57FCE21BA6C32000FED7D /* Assets.xcassets in Resources */,
				276B8D2721C98371003E203E /* 19.txt in Resources */,
				27E9010C21C536BE00C93527 /* 15.txt in Resources */,
				276B8D2521C97D18003E203E /* 13.txt in Resources */,
				27E9011021C6136B00C93527 /* 16.txt in Resources */,
				27A57FE121BA6D04000FED7D /* 4.in in Resources */,
				2729F97221C6ADDB00F7666D /* 12.txt in Resources */,
				27A57FDB21BA6CD9000FED7D /* 1.in in Resources */,
				27A57FD121BA6C32000FED7D /* Main.storyboard in Resources */,
				27A57FDD21BA6CEB000FED7D /* 2.in in Resources */,
				27A57FDF21BA6CF9000FED7D /* 3.in in Resources */,
				27A57FE321BA6D15000FED7D /* 5.in in Resources */,
				27A57FE721BA6D41000FED7D /* 7.in in Resources */,
				27784C0A21CCAA5E008E0363 /* 21.txt in Resources */,
				2729F97821C6D33800F7666D /* 17.txt in Resources */,
				27A57FE521BA6D37000FED7D /* 6.in in Resources */,
				27A57FE921BA6D49000FED7D /* 8.in in Resources */,
				276B8D2321C8BDFC003E203E /* 18.txt in Resources */,
			);
			runOnlyForDeploymentPostprocessing = 0;
		};
/* End PBXResourcesBuildPhase section */

/* Begin PBXSourcesBuildPhase section */
		27A57FC221BA6C31000FED7D /* Sources */ = {
			isa = PBXSourcesBuildPhase;
			buildActionMask = 2147483647;
			files = (
				27A57FF621BA85C8000FED7D /* Day06.swift in Sources */,
				27E9010A21C5369D00C93527 /* Day15.swift in Sources */,
				27A57FF421BA847C000FED7D /* Day05.swift in Sources */,
				27784C0821CCAA4E008E0363 /* Day21.swift in Sources */,
				27F0022221C36FFA000780A8 /* Day14.swift in Sources */,
				277E585F21C0CCA8000B2255 /* Day12.swift in Sources */,
				27A57FF221BA7C7C000FED7D /* Day04.swift in Sources */,
				27A8D43B21BCD84600795765 /* Day09.swift in Sources */,
				27784C0E21CE0C79008E0363 /* Day22.swift in Sources */,
				27A57FF021BA782B000FED7D /* Day03.swift in Sources */,
				2729F97621C6D32A00F7666D /* Day17.swift in Sources */,
				2787AF9321BEE2240020610C /* Day11.swift in Sources */,
				271D4F2921C2202700CCCC8E /* Day13.swift in Sources */,
				27A8D45221BE29FA00795765 /* Day10.swift in Sources */,
				27E9010E21C6135A00C93527 /* Day16.swift in Sources */,
				27784C0C21CCAA72008E0363 /* Day20.swift in Sources */,
				27E32D5121BB8EA9002B3E0D /* Day08.swift in Sources */,
				27A57FFA21BA88CE000FED7D /* Extensions.swift in Sources */,
				27A57FEE21BA7362000FED7D /* Day02.swift in Sources */,
				276B8D2921C98382003E203E /* Day19.swift in Sources */,
				27A57FEC21BA6D70000FED7D /* Day01.swift in Sources */,
				276B8D2121C8BC4B003E203E /* Day18.swift in Sources */,
				27A57FF821BA8792000FED7D /* Day07.swift in Sources */,
				27A57FCA21BA6C31000FED7D /* AppDelegate.swift in Sources */,
			);
			runOnlyForDeploymentPostprocessing = 0;
		};
/* End PBXSourcesBuildPhase section */

/* Begin PBXVariantGroup section */
		27A57FCF21BA6C32000FED7D /* Main.storyboard */ = {
			isa = PBXVariantGroup;
			children = (
				27A57FD021BA6C32000FED7D /* Base */,
			);
			name = Main.storyboard;
			sourceTree = "<group>";
		};
/* End PBXVariantGroup section */

/* Begin XCBuildConfiguration section */
		27A57FD421BA6C32000FED7D /* Debug */ = {
			isa = XCBuildConfiguration;
			buildSettings = {
				ALWAYS_SEARCH_USER_PATHS = NO;
				CLANG_ANALYZER_NONNULL = YES;
				CLANG_ANALYZER_NUMBER_OBJECT_CONVERSION = YES_AGGRESSIVE;
				CLANG_CXX_LANGUAGE_STANDARD = "gnu++14";
				CLANG_CXX_LIBRARY = "libc++";
				CLANG_ENABLE_MODULES = YES;
				CLANG_ENABLE_OBJC_ARC = YES;
				CLANG_ENABLE_OBJC_WEAK = YES;
				CLANG_WARN_BLOCK_CAPTURE_AUTORELEASING = YES;
				CLANG_WARN_BOOL_CONVERSION = YES;
				CLANG_WARN_COMMA = YES;
				CLANG_WARN_CONSTANT_CONVERSION = YES;
				CLANG_WARN_DEPRECATED_OBJC_IMPLEMENTATIONS = YES;
				CLANG_WARN_DIRECT_OBJC_ISA_USAGE = YES_ERROR;
				CLANG_WARN_DOCUMENTATION_COMMENTS = YES;
				CLANG_WARN_EMPTY_BODY = YES;
				CLANG_WARN_ENUM_CONVERSION = YES;
				CLANG_WARN_INFINITE_RECURSION = YES;
				CLANG_WARN_INT_CONVERSION = YES;
				CLANG_WARN_NON_LITERAL_NULL_CONVERSION = YES;
				CLANG_WARN_OBJC_IMPLICIT_RETAIN_SELF = YES;
				CLANG_WARN_OBJC_LITERAL_CONVERSION = YES;
				CLANG_WARN_OBJC_ROOT_CLASS = YES_ERROR;
				CLANG_WARN_RANGE_LOOP_ANALYSIS = YES;
				CLANG_WARN_STRICT_PROTOTYPES = YES;
				CLANG_WARN_SUSPICIOUS_MOVE = YES;
				CLANG_WARN_UNGUARDED_AVAILABILITY = YES_AGGRESSIVE;
				CLANG_WARN_UNREACHABLE_CODE = YES;
				CLANG_WARN__DUPLICATE_METHOD_MATCH = YES;
				CODE_SIGN_IDENTITY = "Mac Developer";
				COPY_PHASE_STRIP = NO;
				DEBUG_INFORMATION_FORMAT = dwarf;
				ENABLE_STRICT_OBJC_MSGSEND = YES;
				ENABLE_TESTABILITY = YES;
				GCC_C_LANGUAGE_STANDARD = gnu11;
				GCC_DYNAMIC_NO_PIC = NO;
				GCC_NO_COMMON_BLOCKS = YES;
				GCC_OPTIMIZATION_LEVEL = 0;
				GCC_PREPROCESSOR_DEFINITIONS = (
					"DEBUG=1",
					"$(inherited)",
				);
				GCC_WARN_64_TO_32_BIT_CONVERSION = YES;
				GCC_WARN_ABOUT_RETURN_TYPE = YES_ERROR;
				GCC_WARN_UNDECLARED_SELECTOR = YES;
				GCC_WARN_UNINITIALIZED_AUTOS = YES_AGGRESSIVE;
				GCC_WARN_UNUSED_FUNCTION = YES;
				GCC_WARN_UNUSED_VARIABLE = YES;
				MACOSX_DEPLOYMENT_TARGET = 10.14;
				MTL_ENABLE_DEBUG_INFO = INCLUDE_SOURCE;
				MTL_FAST_MATH = YES;
				ONLY_ACTIVE_ARCH = YES;
				SDKROOT = macosx;
				SWIFT_ACTIVE_COMPILATION_CONDITIONS = DEBUG;
				SWIFT_OPTIMIZATION_LEVEL = "-Onone";
			};
			name = Debug;
		};
		27A57FD521BA6C32000FED7D /* Release */ = {
			isa = XCBuildConfiguration;
			buildSettings = {
				ALWAYS_SEARCH_USER_PATHS = NO;
				CLANG_ANALYZER_NONNULL = YES;
				CLANG_ANALYZER_NUMBER_OBJECT_CONVERSION = YES_AGGRESSIVE;
				CLANG_CXX_LANGUAGE_STANDARD = "gnu++14";
				CLANG_CXX_LIBRARY = "libc++";
				CLANG_ENABLE_MODULES = YES;
				CLANG_ENABLE_OBJC_ARC = YES;
				CLANG_ENABLE_OBJC_WEAK = YES;
				CLANG_WARN_BLOCK_CAPTURE_AUTORELEASING = YES;
				CLANG_WARN_BOOL_CONVERSION = YES;
				CLANG_WARN_COMMA = YES;
				CLANG_WARN_CONSTANT_CONVERSION = YES;
				CLANG_WARN_DEPRECATED_OBJC_IMPLEMENTATIONS = YES;
				CLANG_WARN_DIRECT_OBJC_ISA_USAGE = YES_ERROR;
				CLANG_WARN_DOCUMENTATION_COMMENTS = YES;
				CLANG_WARN_EMPTY_BODY = YES;
				CLANG_WARN_ENUM_CONVERSION = YES;
				CLANG_WARN_INFINITE_RECURSION = YES;
				CLANG_WARN_INT_CONVERSION = YES;
				CLANG_WARN_NON_LITERAL_NULL_CONVERSION = YES;
				CLANG_WARN_OBJC_IMPLICIT_RETAIN_SELF = YES;
				CLANG_WARN_OBJC_LITERAL_CONVERSION = YES;
				CLANG_WARN_OBJC_ROOT_CLASS = YES_ERROR;
				CLANG_WARN_RANGE_LOOP_ANALYSIS = YES;
				CLANG_WARN_STRICT_PROTOTYPES = YES;
				CLANG_WARN_SUSPICIOUS_MOVE = YES;
				CLANG_WARN_UNGUARDED_AVAILABILITY = YES_AGGRESSIVE;
				CLANG_WARN_UNREACHABLE_CODE = YES;
				CLANG_WARN__DUPLICATE_METHOD_MATCH = YES;
				CODE_SIGN_IDENTITY = "Mac Developer";
				COPY_PHASE_STRIP = NO;
				DEBUG_INFORMATION_FORMAT = "dwarf-with-dsym";
				ENABLE_NS_ASSERTIONS = NO;
				ENABLE_STRICT_OBJC_MSGSEND = YES;
				GCC_C_LANGUAGE_STANDARD = gnu11;
				GCC_NO_COMMON_BLOCKS = YES;
				GCC_WARN_64_TO_32_BIT_CONVERSION = YES;
				GCC_WARN_ABOUT_RETURN_TYPE = YES_ERROR;
				GCC_WARN_UNDECLARED_SELECTOR = YES;
				GCC_WARN_UNINITIALIZED_AUTOS = YES_AGGRESSIVE;
				GCC_WARN_UNUSED_FUNCTION = YES;
				GCC_WARN_UNUSED_VARIABLE = YES;
				MACOSX_DEPLOYMENT_TARGET = 10.14;
				MTL_ENABLE_DEBUG_INFO = NO;
				MTL_FAST_MATH = YES;
				SDKROOT = macosx;
				SWIFT_COMPILATION_MODE = wholemodule;
				SWIFT_OPTIMIZATION_LEVEL = "-O";
			};
			name = Release;
		};
		27A57FD721BA6C32000FED7D /* Debug */ = {
			isa = XCBuildConfiguration;
			buildSettings = {
				ASSETCATALOG_COMPILER_APPICON_NAME = AppIcon;
				CODE_SIGN_IDENTITY = "Mac Developer";
				CODE_SIGN_STYLE = Automatic;
				COMBINE_HIDPI_IMAGES = YES;
				DEVELOPMENT_TEAM = X34UB4R785;
				INFOPLIST_FILE = AdventOfCode2018/Info.plist;
				LD_RUNPATH_SEARCH_PATHS = (
					"$(inherited)",
					"@executable_path/../Frameworks",
				);
				PRODUCT_BUNDLE_IDENTIFIER = com.minglebit.AdventOfCode2018;
				PRODUCT_NAME = "$(TARGET_NAME)";
				PROVISIONING_PROFILE_SPECIFIER = "";
				SWIFT_VERSION = 4.2;
			};
			name = Debug;
		};
		27A57FD821BA6C32000FED7D /* Release */ = {
			isa = XCBuildConfiguration;
			buildSettings = {
				ASSETCATALOG_COMPILER_APPICON_NAME = AppIcon;
				CODE_SIGN_IDENTITY = "Mac Developer";
				CODE_SIGN_STYLE = Automatic;
				COMBINE_HIDPI_IMAGES = YES;
				DEVELOPMENT_TEAM = X34UB4R785;
				INFOPLIST_FILE = AdventOfCode2018/Info.plist;
				LD_RUNPATH_SEARCH_PATHS = (
					"$(inherited)",
					"@executable_path/../Frameworks",
				);
				PRODUCT_BUNDLE_IDENTIFIER = com.minglebit.AdventOfCode2018;
				PRODUCT_NAME = "$(TARGET_NAME)";
				PROVISIONING_PROFILE_SPECIFIER = "";
				SWIFT_VERSION = 4.2;
			};
			name = Release;
		};
/* End XCBuildConfiguration section */

/* Begin XCConfigurationList section */
		27A57FC121BA6C31000FED7D /* Build configuration list for PBXProject "AdventOfCode2018" */ = {
			isa = XCConfigurationList;
			buildConfigurations = (
				27A57FD421BA6C32000FED7D /* Debug */,
				27A57FD521BA6C32000FED7D /* Release */,
			);
			defaultConfigurationIsVisible = 0;
			defaultConfigurationName = Release;
		};
		27A57FD621BA6C32000FED7D /* Build configuration list for PBXNativeTarget "AdventOfCode2018" */ = {
			isa = XCConfigurationList;
			buildConfigurations = (
				27A57FD721BA6C32000FED7D /* Debug */,
				27A57FD821BA6C32000FED7D /* Release */,
			);
			defaultConfigurationIsVisible = 0;
			defaultConfigurationName = Release;
		};
/* End XCConfigurationList section */
	};
	rootObject = 27A57FBE21BA6C31000FED7D /* Project object */;
}
